
Microsoft Visual Studio Solution File, Format Version 12.00
# Visual Studio 14
VisualStudioVersion = 14.0.25420.1
MinimumVisualStudioVersion = 10.0.40219.1
Project("{FAE04EC0-301F-11D3-BF4B-00C04F79EFBC}") = "BitstampTrader.Wpf", "BitstampTrader.Wpf\BitstampTrader.Wpf.csproj", "{8C8B855D-F6A5-4DBE-A65D-3FF319D69277}"
EndProject
Project("{FAE04EC0-301F-11D3-BF4B-00C04F79EFBC}") = "BitstampTrader.Data", "BitstampTrader.Data\BitstampTrader.Data.csproj", "{C68834D5-3D2B-49E1-850D-ADD425CEC2B6}"
EndProject
Project("{FAE04EC0-301F-11D3-BF4B-00C04F79EFBC}") = "BitstampTrader.Exchange", "BitstampTrader.Exchange\BitstampTrader.Exchange.csproj", "{6F375701-97F9-4CCF-A2C6-8FA2860CAA8C}"
EndProject
Project("{FAE04EC0-301F-11D3-BF4B-00C04F79EFBC}") = "BitstampTrader.Test", "BitstampTrader.Test\BitstampTrader.Test.csproj", "{3DA860C3-CF60-46BC-8263-B822E7DF64F1}"
EndProject
Global
	GlobalSection(SolutionConfigurationPlatforms) = preSolution
		Debug|Any CPU = Debug|Any CPU
		Release|Any CPU = Release|Any CPU
	EndGlobalSection
	GlobalSection(ProjectConfigurationPlatforms) = postSolution
		{8C8B855D-F6A5-4DBE-A65D-3FF319D69277}.Debug|Any CPU.ActiveCfg = Debug|Any CPU
		{8C8B855D-F6A5-4DBE-A65D-3FF319D69277}.Debug|Any CPU.Build.0 = Debug|Any CPU
		{8C8B855D-F6A5-4DBE-A65D-3FF319D69277}.Release|Any CPU.ActiveCfg = Release|Any CPU
		{8C8B855D-F6A5-4DBE-A65D-3FF319D69277}.Release|Any CPU.Build.0 = Release|Any CPU
		{C68834D5-3D2B-49E1-850D-ADD425CEC2B6}.Debug|Any CPU.ActiveCfg = Debug|Any CPU
		{C68834D5-3D2B-49E1-850D-ADD425CEC2B6}.Debug|Any CPU.Build.0 = Debug|Any CPU
		{C68834D5-3D2B-49E1-850D-ADD425CEC2B6}.Release|Any CPU.ActiveCfg = Release|Any CPU
		{C68834D5-3D2B-49E1-850D-ADD425CEC2B6}.Release|Any CPU.Build.0 = Release|Any CPU
		{6F375701-97F9-4CCF-A2C6-8FA2860CAA8C}.Debug|Any CPU.ActiveCfg = Debug|Any CPU
		{6F375701-97F9-4CCF-A2C6-8FA2860CAA8C}.Debug|Any CPU.Build.0 = Debug|Any CPU
		{6F375701-97F9-4CCF-A2C6-8FA2860CAA8C}.Release|Any CPU.ActiveCfg = Release|Any CPU
		{6F375701-97F9-4CCF-A2C6-8FA2860CAA8C}.Release|Any CPU.Build.0 = Release|Any CPU
		{3DA860C3-CF60-46BC-8263-B822E7DF64F1}.Debug|Any CPU.ActiveCfg = Debug|Any CPU
		{3DA860C3-CF60-46BC-8263-B822E7DF64F1}.Debug|Any CPU.Build.0 = Debug|Any CPU
		{3DA860C3-CF60-46BC-8263-B822E7DF64F1}.Release|Any CPU.ActiveCfg = Release|Any CPU
		{3DA860C3-CF60-46BC-8263-B822E7DF64F1}.Release|Any CPU.Build.0 = Release|Any CPU
	EndGlobalSection
	GlobalSection(SolutionProperties) = preSolution
		HideSolutionNode = FALSE
	EndGlobalSection
EndGlobal
